
Microsoft Visual Studio Solution File, Format Version 12.00
# Visual Studio 15
VisualStudioVersion = 15.0.28307.168
MinimumVisualStudioVersion = 10.0.40219.1
Project("{FAE04EC0-301F-11D3-BF4B-00C04F79EFBC}") = "DemoServer", "DemoServer\DemoServer.csproj", "{2FF32733-DEE0-4315-9066-D3C87E336BCC}"
EndProject
Project("{FAE04EC0-301F-11D3-BF4B-00C04F79EFBC}") = "DemoClient", "DemoClient\DemoClient.csproj", "{66F1B55A-A49D-454A-9811-B62B768BC110}"
EndProject
Global
	GlobalSection(SolutionConfigurationPlatforms) = preSolution
		Debug|Any CPU = Debug|Any CPU
		Release|Any CPU = Release|Any CPU
	EndGlobalSection
	GlobalSection(ProjectConfigurationPlatforms) = postSolution
		{2FF32733-DEE0-4315-9066-D3C87E336BCC}.Debug|Any CPU.ActiveCfg = Debug|Any CPU
		{2FF32733-DEE0-4315-9066-D3C87E336BCC}.Debug|Any CPU.Build.0 = Debug|Any CPU
		{2FF32733-DEE0-4315-9066-D3C87E336BCC}.Release|Any CPU.ActiveCfg = Release|Any CPU
		{2FF32733-DEE0-4315-9066-D3C87E336BCC}.Release|Any CPU.Build.0 = Release|Any CPU
		{66F1B55A-A49D-454A-9811-B62B768BC110}.Debug|Any CPU.ActiveCfg = Debug|Any CPU
		{66F1B55A-A49D-454A-9811-B62B768BC110}.Debug|Any CPU.Build.0 = Debug|Any CPU
		{66F1B55A-A49D-454A-9811-B62B768BC110}.Release|Any CPU.ActiveCfg = Release|Any CPU
		{66F1B55A-A49D-454A-9811-B62B768BC110}.Release|Any CPU.Build.0 = Release|Any CPU
	EndGlobalSection
	GlobalSection(SolutionProperties) = preSolution
		HideSolutionNode = FALSE
	EndGlobalSection
	GlobalSection(ExtensibilityGlobals) = postSolution
		SolutionGuid = {547C6A44-19EE-4D3F-87EE-63F1A69FA72D}
	EndGlobalSection
EndGlobal
